
Microsoft Visual Studio Solution File, Format Version 12.00
# Visual Studio Version 17
VisualStudioVersion = 17.2.32630.192
MinimumVisualStudioVersion = 10.0.40219.1
Project("{9A19103F-16F7-4668-BE54-9A1E7A4F7556}") = "R5T.T0235.Construction", "R5T.T0235.Construction\R5T.T0235.Construction.csproj", "{51BABD59-BA76-4728-80A3-C1BC83A1C116}"
EndProject
Project("{9A19103F-16F7-4668-BE54-9A1E7A4F7556}") = "R5T.T0235", "R5T.T0235\R5T.T0235.csproj", "{38972302-D57A-46FA-A8B0-EAEC4A62DD65}"
EndProject
Project("{9A19103F-16F7-4668-BE54-9A1E7A4F7556}") = "R5T.T0235.T000", "R5T.T0235.T000\R5T.T0235.T000.csproj", "{DD71854D-7511-45F4-8ACE-A989BFF1713F}"
EndProject
Project("{2150E333-8FDC-42A3-9474-1A3956D46DE8}") = "_Dependencies", "_Dependencies", "{C57BA26F-2EE3-4DE7-9FE3-D7B9F15399C5}"
EndProject
Project("{9A19103F-16F7-4668-BE54-9A1E7A4F7556}") = "R5T.F0000", "..\..\R5T.F0000\source\R5T.F0000\R5T.F0000.csproj", "{4539E5EB-2509-42E5-AF92-01C54233B46A}"
EndProject
Project("{9A19103F-16F7-4668-BE54-9A1E7A4F7556}") = "R5T.F0002", "..\..\R5T.F0002\source\R5T.F0002\R5T.F0002.csproj", "{8BE0B954-4F8E-48ED-81F7-464433DC7AC4}"
EndProject
Project("{9A19103F-16F7-4668-BE54-9A1E7A4F7556}") = "R5T.F0059", "..\..\R5T.F0059\source\R5T.F0059\R5T.F0059.csproj", "{208A7606-2B7F-4B6E-81CB-14594C3DDFE8}"
EndProject
Project("{9A19103F-16F7-4668-BE54-9A1E7A4F7556}") = "R5T.F0120", "..\..\R5T.F0120\source\R5T.F0120\R5T.F0120.csproj", "{98BF2CAF-296E-4BDA-BBE3-7E6889354819}"
EndProject
Project("{9A19103F-16F7-4668-BE54-9A1E7A4F7556}") = "R5T.F0124", "..\..\R5T.F0124\source\R5T.F0124\R5T.F0124.csproj", "{54320F98-CA14-4C56-AD9F-84A1C45AD564}"
EndProject
Project("{9A19103F-16F7-4668-BE54-9A1E7A4F7556}") = "R5T.F0125", "..\..\R5T.F0125\source\R5T.F0125\R5T.F0125.csproj", "{610A424B-44C9-4705-AAB3-87A9425BB45E}"
EndProject
Project("{9A19103F-16F7-4668-BE54-9A1E7A4F7556}") = "R5T.L0030.T000", "..\..\R5T.L0030\source\R5T.L0030.T000\R5T.L0030.T000.csproj", "{BDD04EC1-817B-4D2B-8E7F-0EB53E31D0FF}"
EndProject
Project("{9A19103F-16F7-4668-BE54-9A1E7A4F7556}") = "R5T.L0030", "..\..\R5T.L0030\source\R5T.L0030\R5T.L0030.csproj", "{584EA3FB-1192-4AB7-84DA-55AFEB1CC20F}"
EndProject
Project("{9A19103F-16F7-4668-BE54-9A1E7A4F7556}") = "R5T.L0034", "..\..\R5T.L0034\source\R5T.L0034\R5T.L0034.csproj", "{BE472CCD-3123-4A03-B04E-66A56F8DCDB8}"
EndProject
Project("{9A19103F-16F7-4668-BE54-9A1E7A4F7556}") = "R5T.L0035", "..\..\R5T.L0035\source\R5T.L0035\R5T.L0035.csproj", "{422F3BB9-9844-4C2B-9B71-C8B9A0F9D2B2}"
EndProject
Project("{9A19103F-16F7-4668-BE54-9A1E7A4F7556}") = "R5T.L0053", "..\..\R5T.L0053\source\R5T.L0053\R5T.L0053.csproj", "{BAD44D5D-1D73-49A0-8857-586D0ADBB18B}"
EndProject
Project("{9A19103F-16F7-4668-BE54-9A1E7A4F7556}") = "R5T.L0056", "..\..\R5T.L0056\source\R5T.L0056\R5T.L0056.csproj", "{6C028645-59EA-4539-8A4F-FC260FA6C129}"
EndProject
Project("{9A19103F-16F7-4668-BE54-9A1E7A4F7556}") = "R5T.L0066", "..\..\R5T.L0066\source\R5T.L0066\R5T.L0066.csproj", "{DEF31C2B-955F-4A47-9A2C-A914B3BB0A7A}"
EndProject
Project("{9A19103F-16F7-4668-BE54-9A1E7A4F7556}") = "R5T.L0071", "..\..\R5T.L0071\source\R5T.L0071\R5T.L0071.csproj", "{96EA5D32-BD30-46BD-834A-C743ECD37F82}"
EndProject
Project("{9A19103F-16F7-4668-BE54-9A1E7A4F7556}") = "R5T.L0074", "..\..\R5T.L0074\source\R5T.L0074\R5T.L0074.csproj", "{813CC1E0-56FC-4A12-9A67-34A69647E42E}"
EndProject
Project("{9A19103F-16F7-4668-BE54-9A1E7A4F7556}") = "R5T.NG0006", "..\..\R5T.NG0006\source\R5T.NG0006\R5T.NG0006.csproj", "{670CA1B4-76FE-4D69-BB3D-CD43B410D855}"
EndProject
Project("{9A19103F-16F7-4668-BE54-9A1E7A4F7556}") = "R5T.NG0022", "..\..\R5T.NG0022\source\R5T.NG0022\R5T.NG0022.csproj", "{E169C745-3955-470B-BA11-89A508749D0F}"
EndProject
Project("{9A19103F-16F7-4668-BE54-9A1E7A4F7556}") = "R5T.T0131", "..\..\R5T.T0131\source\R5T.T0131\R5T.T0131.csproj", "{391C8592-1911-4064-A9C5-81CEEE9F92EC}"
EndProject
Project("{9A19103F-16F7-4668-BE54-9A1E7A4F7556}") = "R5T.T0132", "..\..\R5T.T0132\source\R5T.T0132\R5T.T0132.csproj", "{47DCB47B-9903-4726-AAAE-0A91F61EF3E9}"
EndProject
Project("{9A19103F-16F7-4668-BE54-9A1E7A4F7556}") = "R5T.T0142", "..\..\R5T.T0142\source\R5T.T0142\R5T.T0142.csproj", "{EDB3BE8A-3A2F-4A28-91AC-CF4CD5CB975E}"
EndProject
Project("{9A19103F-16F7-4668-BE54-9A1E7A4F7556}") = "R5T.T0143", "..\..\R5T.T0143\source\R5T.T0143\R5T.T0143.csproj", "{E0CFF24E-C764-4FE6-86F5-951D0D274755}"
EndProject
Project("{9A19103F-16F7-4668-BE54-9A1E7A4F7556}") = "R5T.T0150", "..\..\R5T.T0150\source\R5T.T0150\R5T.T0150.csproj", "{964E3049-1F04-46F3-91FA-A7D75E460FB0}"
EndProject
Project("{9A19103F-16F7-4668-BE54-9A1E7A4F7556}") = "R5T.T0151", "..\..\R5T.T0151\source\R5T.T0151\R5T.T0151.csproj", "{ED566F03-41CC-442B-90E4-9D188138C754}"
EndProject
Project("{9A19103F-16F7-4668-BE54-9A1E7A4F7556}") = "R5T.T0156", "..\..\R5T.T0156\source\R5T.T0156\R5T.T0156.csproj", "{BD51A0DB-CFB7-4839-8694-DEF175AB4FEE}"
EndProject
Project("{9A19103F-16F7-4668-BE54-9A1E7A4F7556}") = "R5T.T0158", "..\..\R5T.T0158\source\R5T.T0158\R5T.T0158.csproj", "{37E68374-13FE-4458-B85C-45168182A064}"
EndProject
Project("{9A19103F-16F7-4668-BE54-9A1E7A4F7556}") = "R5T.T0159", "..\..\R5T.T0159\source\R5T.T0159\R5T.T0159.csproj", "{190DDF53-F6AF-4561-823C-16370822A36E}"
EndProject
Project("{9A19103F-16F7-4668-BE54-9A1E7A4F7556}") = "R5T.T0172", "..\..\R5T.T0172\source\R5T.T0172\R5T.T0172.csproj", "{D69EDA5B-1079-4B22-88C5-0D21CB9B17F0}"
EndProject
Project("{9A19103F-16F7-4668-BE54-9A1E7A4F7556}") = "R5T.T0174", "..\..\R5T.T0174\source\R5T.T0174\R5T.T0174.csproj", "{1CD2229D-1DE2-4B3C-94E4-A97CCA90C39F}"
EndProject
Project("{9A19103F-16F7-4668-BE54-9A1E7A4F7556}") = "R5T.T0176", "..\..\R5T.T0176\source\R5T.T0176\R5T.T0176.csproj", "{AE21EB9E-E230-4519-B403-46F9A5782160}"
EndProject
Project("{9A19103F-16F7-4668-BE54-9A1E7A4F7556}") = "R5T.T0177", "..\..\R5T.T0177\source\R5T.T0177\R5T.T0177.csproj", "{3E43B1A3-1BDD-435A-AE33-A7BB28BD9AC3}"
EndProject
Project("{9A19103F-16F7-4668-BE54-9A1E7A4F7556}") = "R5T.T0178", "..\..\R5T.T0178\source\R5T.T0178\R5T.T0178.csproj", "{554FF5FD-3976-4567-A48E-2D93EB7EDF79}"
EndProject
Project("{9A19103F-16F7-4668-BE54-9A1E7A4F7556}") = "R5T.T0179", "..\..\R5T.T0179\source\R5T.T0179\R5T.T0179.csproj", "{A75B43D1-0E63-4699-8D3D-EAA49FE6A218}"
EndProject
Project("{9A19103F-16F7-4668-BE54-9A1E7A4F7556}") = "R5T.T0180", "..\..\R5T.T0180\source\R5T.T0180\R5T.T0180.csproj", "{9D240DC7-82F0-4E36-B056-3595499FCA69}"
EndProject
Project("{9A19103F-16F7-4668-BE54-9A1E7A4F7556}") = "R5T.T0181", "..\..\R5T.T0181\source\R5T.T0181\R5T.T0181.csproj", "{52835289-C7E8-405F-BE31-71111DB5CB4B}"
EndProject
Project("{9A19103F-16F7-4668-BE54-9A1E7A4F7556}") = "R5T.T0185", "..\..\R5T.T0185\source\R5T.T0185\R5T.T0185.csproj", "{39C5742F-C978-4122-BA05-622966F439A8}"
EndProject
Project("{9A19103F-16F7-4668-BE54-9A1E7A4F7556}") = "R5T.T0199.T000", "..\..\R5T.T0199\source\R5T.T0199.T000\R5T.T0199.T000.csproj", "{01FB614F-5D2C-4B96-A8CD-502B43930EBC}"
EndProject
Project("{9A19103F-16F7-4668-BE54-9A1E7A4F7556}") = "R5T.T0199.T001", "..\..\R5T.T0199\source\R5T.T0199.T001\R5T.T0199.T001.csproj", "{5A6FD6BC-FF78-4978-8F8A-25DE3767281C}"
EndProject
Project("{9A19103F-16F7-4668-BE54-9A1E7A4F7556}") = "R5T.T0199", "..\..\R5T.T0199\source\R5T.T0199\R5T.T0199.csproj", "{36E304AD-EB47-48A7-9B8D-976CCBEF08DE}"
EndProject
Project("{9A19103F-16F7-4668-BE54-9A1E7A4F7556}") = "R5T.T0203", "..\..\R5T.T0203\source\R5T.T0203\R5T.T0203.csproj", "{433A6414-EA04-4D3B-884D-E96CC45E8EE7}"
EndProject
Project("{9A19103F-16F7-4668-BE54-9A1E7A4F7556}") = "R5T.T0213", "..\..\R5T.T0213\source\R5T.T0213\R5T.T0213.csproj", "{B1B049CB-ABEA-469D-8E5E-4B49EB0ACB27}"
EndProject
Project("{9A19103F-16F7-4668-BE54-9A1E7A4F7556}") = "R5T.T0218", "..\..\R5T.T0218\source\R5T.T0218\R5T.T0218.csproj", "{9F350E30-DE22-4622-A1EF-3D298E6D0392}"
EndProject
Project("{9A19103F-16F7-4668-BE54-9A1E7A4F7556}") = "R5T.T0219", "..\..\R5T.T0219\source\R5T.T0219\R5T.T0219.csproj", "{472FCBA6-3753-4F5A-BDB6-0A1485A1436B}"
EndProject
Project("{9A19103F-16F7-4668-BE54-9A1E7A4F7556}") = "R5T.T0220", "..\..\R5T.T0220\source\R5T.T0220\R5T.T0220.csproj", "{887B49A7-5D16-4A25-9325-547544F122DA}"
EndProject
Project("{9A19103F-16F7-4668-BE54-9A1E7A4F7556}") = "R5T.T0221", "..\..\R5T.T0221\source\R5T.T0221\R5T.T0221.csproj", "{1833046B-428B-4AE0-80AA-7C423AF7F628}"
EndProject
Project("{9A19103F-16F7-4668-BE54-9A1E7A4F7556}") = "R5T.T0227", "..\..\R5T.T0227\source\R5T.T0227\R5T.T0227.csproj", "{7AD47A4D-0BAE-4607-AF27-5E265883C89D}"
EndProject
Project("{9A19103F-16F7-4668-BE54-9A1E7A4F7556}") = "R5T.Y0000", "..\..\R5T.Y0000\source\R5T.Y0000\R5T.Y0000.csproj", "{67281F29-7B08-4502-B0BD-45DA3B8401B1}"
EndProject
Project("{9A19103F-16F7-4668-BE54-9A1E7A4F7556}") = "R5T.Y0006", "..\..\R5T.Y0006\source\R5T.Y0006\R5T.Y0006.csproj", "{0925053A-6526-4E68-BB82-F630ACDA9B3A}"
EndProject
Project("{9A19103F-16F7-4668-BE54-9A1E7A4F7556}") = "R5T.Z0000", "..\..\R5T.Z0000\source\R5T.Z0000\R5T.Z0000.csproj", "{B78722FE-95D1-41DA-AF5E-B6F9AA3D1117}"
EndProject
Project("{9A19103F-16F7-4668-BE54-9A1E7A4F7556}") = "R5T.Z0010.Platform", "..\..\R5T.Z0010\source\R5T.Z0010.Platform\R5T.Z0010.Platform.csproj", "{BA45AFD3-7870-4F6E-940C-58D3FCA79A36}"
EndProject
Project("{9A19103F-16F7-4668-BE54-9A1E7A4F7556}") = "R5T.Z0010", "..\..\R5T.Z0010\source\R5T.Z0010\R5T.Z0010.csproj", "{4AF0BEFF-12CF-4BC9-8E2A-79E01FC53612}"
EndProject
Project("{9A19103F-16F7-4668-BE54-9A1E7A4F7556}") = "R5T.Z0057.Platform", "..\..\R5T.Z0057\source\R5T.Z0057.Platform\R5T.Z0057.Platform.csproj", "{BB691AF0-2F70-459C-9357-D177E73A1DC6}"
EndProject
Project("{9A19103F-16F7-4668-BE54-9A1E7A4F7556}") = "R5T.Z0057", "..\..\R5T.Z0057\source\R5T.Z0057\R5T.Z0057.csproj", "{767200EC-DF5C-4FC5-8C9B-C16AEBA05E13}"
EndProject
Project("{9A19103F-16F7-4668-BE54-9A1E7A4F7556}") = "R5T.Z0058", "..\..\R5T.Z0058\source\R5T.Z0058\R5T.Z0058.csproj", "{564D467F-6559-4B95-B158-24E9AC699E7C}"
EndProject
Project("{9A19103F-16F7-4668-BE54-9A1E7A4F7556}") = "R5T.T0235.T001", "R5T.T0235.T001\R5T.T0235.T001.csproj", "{33847BE4-2DEE-4A92-94A6-5803C7A47A0E}"
EndProject
Global
	GlobalSection(NestedProjects) = preSolution
		{4539E5EB-2509-42E5-AF92-01C54233B46A} = {C57BA26F-2EE3-4DE7-9FE3-D7B9F15399C5}
		{8BE0B954-4F8E-48ED-81F7-464433DC7AC4} = {C57BA26F-2EE3-4DE7-9FE3-D7B9F15399C5}
		{208A7606-2B7F-4B6E-81CB-14594C3DDFE8} = {C57BA26F-2EE3-4DE7-9FE3-D7B9F15399C5}
		{98BF2CAF-296E-4BDA-BBE3-7E6889354819} = {C57BA26F-2EE3-4DE7-9FE3-D7B9F15399C5}
		{54320F98-CA14-4C56-AD9F-84A1C45AD564} = {C57BA26F-2EE3-4DE7-9FE3-D7B9F15399C5}
		{610A424B-44C9-4705-AAB3-87A9425BB45E} = {C57BA26F-2EE3-4DE7-9FE3-D7B9F15399C5}
		{BDD04EC1-817B-4D2B-8E7F-0EB53E31D0FF} = {C57BA26F-2EE3-4DE7-9FE3-D7B9F15399C5}
		{584EA3FB-1192-4AB7-84DA-55AFEB1CC20F} = {C57BA26F-2EE3-4DE7-9FE3-D7B9F15399C5}
		{BE472CCD-3123-4A03-B04E-66A56F8DCDB8} = {C57BA26F-2EE3-4DE7-9FE3-D7B9F15399C5}
		{422F3BB9-9844-4C2B-9B71-C8B9A0F9D2B2} = {C57BA26F-2EE3-4DE7-9FE3-D7B9F15399C5}
		{BAD44D5D-1D73-49A0-8857-586D0ADBB18B} = {C57BA26F-2EE3-4DE7-9FE3-D7B9F15399C5}
		{6C028645-59EA-4539-8A4F-FC260FA6C129} = {C57BA26F-2EE3-4DE7-9FE3-D7B9F15399C5}
		{DEF31C2B-955F-4A47-9A2C-A914B3BB0A7A} = {C57BA26F-2EE3-4DE7-9FE3-D7B9F15399C5}
		{96EA5D32-BD30-46BD-834A-C743ECD37F82} = {C57BA26F-2EE3-4DE7-9FE3-D7B9F15399C5}
		{813CC1E0-56FC-4A12-9A67-34A69647E42E} = {C57BA26F-2EE3-4DE7-9FE3-D7B9F15399C5}
		{670CA1B4-76FE-4D69-BB3D-CD43B410D855} = {C57BA26F-2EE3-4DE7-9FE3-D7B9F15399C5}
		{E169C745-3955-470B-BA11-89A508749D0F} = {C57BA26F-2EE3-4DE7-9FE3-D7B9F15399C5}
		{391C8592-1911-4064-A9C5-81CEEE9F92EC} = {C57BA26F-2EE3-4DE7-9FE3-D7B9F15399C5}
		{47DCB47B-9903-4726-AAAE-0A91F61EF3E9} = {C57BA26F-2EE3-4DE7-9FE3-D7B9F15399C5}
		{EDB3BE8A-3A2F-4A28-91AC-CF4CD5CB975E} = {C57BA26F-2EE3-4DE7-9FE3-D7B9F15399C5}
		{E0CFF24E-C764-4FE6-86F5-951D0D274755} = {C57BA26F-2EE3-4DE7-9FE3-D7B9F15399C5}
		{964E3049-1F04-46F3-91FA-A7D75E460FB0} = {C57BA26F-2EE3-4DE7-9FE3-D7B9F15399C5}
		{ED566F03-41CC-442B-90E4-9D188138C754} = {C57BA26F-2EE3-4DE7-9FE3-D7B9F15399C5}
		{BD51A0DB-CFB7-4839-8694-DEF175AB4FEE} = {C57BA26F-2EE3-4DE7-9FE3-D7B9F15399C5}
		{37E68374-13FE-4458-B85C-45168182A064} = {C57BA26F-2EE3-4DE7-9FE3-D7B9F15399C5}
		{190DDF53-F6AF-4561-823C-16370822A36E} = {C57BA26F-2EE3-4DE7-9FE3-D7B9F15399C5}
		{D69EDA5B-1079-4B22-88C5-0D21CB9B17F0} = {C57BA26F-2EE3-4DE7-9FE3-D7B9F15399C5}
		{1CD2229D-1DE2-4B3C-94E4-A97CCA90C39F} = {C57BA26F-2EE3-4DE7-9FE3-D7B9F15399C5}
		{AE21EB9E-E230-4519-B403-46F9A5782160} = {C57BA26F-2EE3-4DE7-9FE3-D7B9F15399C5}
		{3E43B1A3-1BDD-435A-AE33-A7BB28BD9AC3} = {C57BA26F-2EE3-4DE7-9FE3-D7B9F15399C5}
		{554FF5FD-3976-4567-A48E-2D93EB7EDF79} = {C57BA26F-2EE3-4DE7-9FE3-D7B9F15399C5}
		{A75B43D1-0E63-4699-8D3D-EAA49FE6A218} = {C57BA26F-2EE3-4DE7-9FE3-D7B9F15399C5}
		{9D240DC7-82F0-4E36-B056-3595499FCA69} = {C57BA26F-2EE3-4DE7-9FE3-D7B9F15399C5}
		{52835289-C7E8-405F-BE31-71111DB5CB4B} = {C57BA26F-2EE3-4DE7-9FE3-D7B9F15399C5}
		{39C5742F-C978-4122-BA05-622966F439A8} = {C57BA26F-2EE3-4DE7-9FE3-D7B9F15399C5}
		{01FB614F-5D2C-4B96-A8CD-502B43930EBC} = {C57BA26F-2EE3-4DE7-9FE3-D7B9F15399C5}
		{5A6FD6BC-FF78-4978-8F8A-25DE3767281C} = {C57BA26F-2EE3-4DE7-9FE3-D7B9F15399C5}
		{36E304AD-EB47-48A7-9B8D-976CCBEF08DE} = {C57BA26F-2EE3-4DE7-9FE3-D7B9F15399C5}
		{433A6414-EA04-4D3B-884D-E96CC45E8EE7} = {C57BA26F-2EE3-4DE7-9FE3-D7B9F15399C5}
		{B1B049CB-ABEA-469D-8E5E-4B49EB0ACB27} = {C57BA26F-2EE3-4DE7-9FE3-D7B9F15399C5}
		{9F350E30-DE22-4622-A1EF-3D298E6D0392} = {C57BA26F-2EE3-4DE7-9FE3-D7B9F15399C5}
		{472FCBA6-3753-4F5A-BDB6-0A1485A1436B} = {C57BA26F-2EE3-4DE7-9FE3-D7B9F15399C5}
		{887B49A7-5D16-4A25-9325-547544F122DA} = {C57BA26F-2EE3-4DE7-9FE3-D7B9F15399C5}
		{1833046B-428B-4AE0-80AA-7C423AF7F628} = {C57BA26F-2EE3-4DE7-9FE3-D7B9F15399C5}
		{7AD47A4D-0BAE-4607-AF27-5E265883C89D} = {C57BA26F-2EE3-4DE7-9FE3-D7B9F15399C5}
		{67281F29-7B08-4502-B0BD-45DA3B8401B1} = {C57BA26F-2EE3-4DE7-9FE3-D7B9F15399C5}
		{0925053A-6526-4E68-BB82-F630ACDA9B3A} = {C57BA26F-2EE3-4DE7-9FE3-D7B9F15399C5}
		{B78722FE-95D1-41DA-AF5E-B6F9AA3D1117} = {C57BA26F-2EE3-4DE7-9FE3-D7B9F15399C5}
		{BA45AFD3-7870-4F6E-940C-58D3FCA79A36} = {C57BA26F-2EE3-4DE7-9FE3-D7B9F15399C5}
		{4AF0BEFF-12CF-4BC9-8E2A-79E01FC53612} = {C57BA26F-2EE3-4DE7-9FE3-D7B9F15399C5}
		{BB691AF0-2F70-459C-9357-D177E73A1DC6} = {C57BA26F-2EE3-4DE7-9FE3-D7B9F15399C5}
		{767200EC-DF5C-4FC5-8C9B-C16AEBA05E13} = {C57BA26F-2EE3-4DE7-9FE3-D7B9F15399C5}
		{564D467F-6559-4B95-B158-24E9AC699E7C} = {C57BA26F-2EE3-4DE7-9FE3-D7B9F15399C5}
	EndGlobalSection
	GlobalSection(SolutionConfigurationPlatforms) = preSolution
		Debug|Any CPU = Debug|Any CPU
		Release|Any CPU = Release|Any CPU
	EndGlobalSection
	GlobalSection(ProjectConfigurationPlatforms) = postSolution
		{51BABD59-BA76-4728-80A3-C1BC83A1C116}.Debug|Any CPU.ActiveCfg = Debug|Any CPU
		{51BABD59-BA76-4728-80A3-C1BC83A1C116}.Debug|Any CPU.Build.0 = Debug|Any CPU
		{51BABD59-BA76-4728-80A3-C1BC83A1C116}.Release|Any CPU.ActiveCfg = Release|Any CPU
		{51BABD59-BA76-4728-80A3-C1BC83A1C116}.Release|Any CPU.Build.0 = Release|Any CPU
		{38972302-D57A-46FA-A8B0-EAEC4A62DD65}.Debug|Any CPU.ActiveCfg = Debug|Any CPU
		{38972302-D57A-46FA-A8B0-EAEC4A62DD65}.Debug|Any CPU.Build.0 = Debug|Any CPU
		{38972302-D57A-46FA-A8B0-EAEC4A62DD65}.Release|Any CPU.ActiveCfg = Release|Any CPU
		{38972302-D57A-46FA-A8B0-EAEC4A62DD65}.Release|Any CPU.Build.0 = Release|Any CPU
		{DD71854D-7511-45F4-8ACE-A989BFF1713F}.Debug|Any CPU.ActiveCfg = Debug|Any CPU
		{DD71854D-7511-45F4-8ACE-A989BFF1713F}.Debug|Any CPU.Build.0 = Debug|Any CPU
		{DD71854D-7511-45F4-8ACE-A989BFF1713F}.Release|Any CPU.ActiveCfg = Release|Any CPU
		{DD71854D-7511-45F4-8ACE-A989BFF1713F}.Release|Any CPU.Build.0 = Release|Any CPU
		{4539E5EB-2509-42E5-AF92-01C54233B46A}.Debug|Any CPU.ActiveCfg = Debug|Any CPU
		{4539E5EB-2509-42E5-AF92-01C54233B46A}.Debug|Any CPU.Build.0 = Debug|Any CPU
		{4539E5EB-2509-42E5-AF92-01C54233B46A}.Release|Any CPU.ActiveCfg = Release|Any CPU
		{4539E5EB-2509-42E5-AF92-01C54233B46A}.Release|Any CPU.Build.0 = Release|Any CPU
		{8BE0B954-4F8E-48ED-81F7-464433DC7AC4}.Debug|Any CPU.ActiveCfg = Debug|Any CPU
		{8BE0B954-4F8E-48ED-81F7-464433DC7AC4}.Debug|Any CPU.Build.0 = Debug|Any CPU
		{8BE0B954-4F8E-48ED-81F7-464433DC7AC4}.Release|Any CPU.ActiveCfg = Release|Any CPU
		{8BE0B954-4F8E-48ED-81F7-464433DC7AC4}.Release|Any CPU.Build.0 = Release|Any CPU
		{208A7606-2B7F-4B6E-81CB-14594C3DDFE8}.Debug|Any CPU.ActiveCfg = Debug|Any CPU
		{208A7606-2B7F-4B6E-81CB-14594C3DDFE8}.Debug|Any CPU.Build.0 = Debug|Any CPU
		{208A7606-2B7F-4B6E-81CB-14594C3DDFE8}.Release|Any CPU.ActiveCfg = Release|Any CPU
		{208A7606-2B7F-4B6E-81CB-14594C3DDFE8}.Release|Any CPU.Build.0 = Release|Any CPU
		{98BF2CAF-296E-4BDA-BBE3-7E6889354819}.Debug|Any CPU.ActiveCfg = Debug|Any CPU
		{98BF2CAF-296E-4BDA-BBE3-7E6889354819}.Debug|Any CPU.Build.0 = Debug|Any CPU
		{98BF2CAF-296E-4BDA-BBE3-7E6889354819}.Release|Any CPU.ActiveCfg = Release|Any CPU
		{98BF2CAF-296E-4BDA-BBE3-7E6889354819}.Release|Any CPU.Build.0 = Release|Any CPU
		{54320F98-CA14-4C56-AD9F-84A1C45AD564}.Debug|Any CPU.ActiveCfg = Debug|Any CPU
		{54320F98-CA14-4C56-AD9F-84A1C45AD564}.Debug|Any CPU.Build.0 = Debug|Any CPU
		{54320F98-CA14-4C56-AD9F-84A1C45AD564}.Release|Any CPU.ActiveCfg = Release|Any CPU
		{54320F98-CA14-4C56-AD9F-84A1C45AD564}.Release|Any CPU.Build.0 = Release|Any CPU
		{610A424B-44C9-4705-AAB3-87A9425BB45E}.Debug|Any CPU.ActiveCfg = Debug|Any CPU
		{610A424B-44C9-4705-AAB3-87A9425BB45E}.Debug|Any CPU.Build.0 = Debug|Any CPU
		{610A424B-44C9-4705-AAB3-87A9425BB45E}.Release|Any CPU.ActiveCfg = Release|Any CPU
		{610A424B-44C9-4705-AAB3-87A9425BB45E}.Release|Any CPU.Build.0 = Release|Any CPU
		{BDD04EC1-817B-4D2B-8E7F-0EB53E31D0FF}.Debug|Any CPU.ActiveCfg = Debug|Any CPU
		{BDD04EC1-817B-4D2B-8E7F-0EB53E31D0FF}.Debug|Any CPU.Build.0 = Debug|Any CPU
		{BDD04EC1-817B-4D2B-8E7F-0EB53E31D0FF}.Release|Any CPU.ActiveCfg = Release|Any CPU
		{BDD04EC1-817B-4D2B-8E7F-0EB53E31D0FF}.Release|Any CPU.Build.0 = Release|Any CPU
		{584EA3FB-1192-4AB7-84DA-55AFEB1CC20F}.Debug|Any CPU.ActiveCfg = Debug|Any CPU
		{584EA3FB-1192-4AB7-84DA-55AFEB1CC20F}.Debug|Any CPU.Build.0 = Debug|Any CPU
		{584EA3FB-1192-4AB7-84DA-55AFEB1CC20F}.Release|Any CPU.ActiveCfg = Release|Any CPU
		{584EA3FB-1192-4AB7-84DA-55AFEB1CC20F}.Release|Any CPU.Build.0 = Release|Any CPU
		{BE472CCD-3123-4A03-B04E-66A56F8DCDB8}.Debug|Any CPU.ActiveCfg = Debug|Any CPU
		{BE472CCD-3123-4A03-B04E-66A56F8DCDB8}.Debug|Any CPU.Build.0 = Debug|Any CPU
		{BE472CCD-3123-4A03-B04E-66A56F8DCDB8}.Release|Any CPU.ActiveCfg = Release|Any CPU
		{BE472CCD-3123-4A03-B04E-66A56F8DCDB8}.Release|Any CPU.Build.0 = Release|Any CPU
		{422F3BB9-9844-4C2B-9B71-C8B9A0F9D2B2}.Debug|Any CPU.ActiveCfg = Debug|Any CPU
		{422F3BB9-9844-4C2B-9B71-C8B9A0F9D2B2}.Debug|Any CPU.Build.0 = Debug|Any CPU
		{422F3BB9-9844-4C2B-9B71-C8B9A0F9D2B2}.Release|Any CPU.ActiveCfg = Release|Any CPU
		{422F3BB9-9844-4C2B-9B71-C8B9A0F9D2B2}.Release|Any CPU.Build.0 = Release|Any CPU
		{BAD44D5D-1D73-49A0-8857-586D0ADBB18B}.Debug|Any CPU.ActiveCfg = Debug|Any CPU
		{BAD44D5D-1D73-49A0-8857-586D0ADBB18B}.Debug|Any CPU.Build.0 = Debug|Any CPU
		{BAD44D5D-1D73-49A0-8857-586D0ADBB18B}.Release|Any CPU.ActiveCfg = Release|Any CPU
		{BAD44D5D-1D73-49A0-8857-586D0ADBB18B}.Release|Any CPU.Build.0 = Release|Any CPU
		{6C028645-59EA-4539-8A4F-FC260FA6C129}.Debug|Any CPU.ActiveCfg = Debug|Any CPU
		{6C028645-59EA-4539-8A4F-FC260FA6C129}.Debug|Any CPU.Build.0 = Debug|Any CPU
		{6C028645-59EA-4539-8A4F-FC260FA6C129}.Release|Any CPU.ActiveCfg = Release|Any CPU
		{6C028645-59EA-4539-8A4F-FC260FA6C129}.Release|Any CPU.Build.0 = Release|Any CPU
		{DEF31C2B-955F-4A47-9A2C-A914B3BB0A7A}.Debug|Any CPU.ActiveCfg = Debug|Any CPU
		{DEF31C2B-955F-4A47-9A2C-A914B3BB0A7A}.Debug|Any CPU.Build.0 = Debug|Any CPU
		{DEF31C2B-955F-4A47-9A2C-A914B3BB0A7A}.Release|Any CPU.ActiveCfg = Release|Any CPU
		{DEF31C2B-955F-4A47-9A2C-A914B3BB0A7A}.Release|Any CPU.Build.0 = Release|Any CPU
		{96EA5D32-BD30-46BD-834A-C743ECD37F82}.Debug|Any CPU.ActiveCfg = Debug|Any CPU
		{96EA5D32-BD30-46BD-834A-C743ECD37F82}.Debug|Any CPU.Build.0 = Debug|Any CPU
		{96EA5D32-BD30-46BD-834A-C743ECD37F82}.Release|Any CPU.ActiveCfg = Release|Any CPU
		{96EA5D32-BD30-46BD-834A-C743ECD37F82}.Release|Any CPU.Build.0 = Release|Any CPU
		{813CC1E0-56FC-4A12-9A67-34A69647E42E}.Debug|Any CPU.ActiveCfg = Debug|Any CPU
		{813CC1E0-56FC-4A12-9A67-34A69647E42E}.Debug|Any CPU.Build.0 = Debug|Any CPU
		{813CC1E0-56FC-4A12-9A67-34A69647E42E}.Release|Any CPU.ActiveCfg = Release|Any CPU
		{813CC1E0-56FC-4A12-9A67-34A69647E42E}.Release|Any CPU.Build.0 = Release|Any CPU
		{670CA1B4-76FE-4D69-BB3D-CD43B410D855}.Debug|Any CPU.ActiveCfg = Debug|Any CPU
		{670CA1B4-76FE-4D69-BB3D-CD43B410D855}.Debug|Any CPU.Build.0 = Debug|Any CPU
		{670CA1B4-76FE-4D69-BB3D-CD43B410D855}.Release|Any CPU.ActiveCfg = Release|Any CPU
		{670CA1B4-76FE-4D69-BB3D-CD43B410D855}.Release|Any CPU.Build.0 = Release|Any CPU
		{E169C745-3955-470B-BA11-89A508749D0F}.Debug|Any CPU.ActiveCfg = Debug|Any CPU
		{E169C745-3955-470B-BA11-89A508749D0F}.Debug|Any CPU.Build.0 = Debug|Any CPU
		{E169C745-3955-470B-BA11-89A508749D0F}.Release|Any CPU.ActiveCfg = Release|Any CPU
		{E169C745-3955-470B-BA11-89A508749D0F}.Release|Any CPU.Build.0 = Release|Any CPU
		{391C8592-1911-4064-A9C5-81CEEE9F92EC}.Debug|Any CPU.ActiveCfg = Debug|Any CPU
		{391C8592-1911-4064-A9C5-81CEEE9F92EC}.Debug|Any CPU.Build.0 = Debug|Any CPU
		{391C8592-1911-4064-A9C5-81CEEE9F92EC}.Release|Any CPU.ActiveCfg = Release|Any CPU
		{391C8592-1911-4064-A9C5-81CEEE9F92EC}.Release|Any CPU.Build.0 = Release|Any CPU
		{47DCB47B-9903-4726-AAAE-0A91F61EF3E9}.Debug|Any CPU.ActiveCfg = Debug|Any CPU
		{47DCB47B-9903-4726-AAAE-0A91F61EF3E9}.Debug|Any CPU.Build.0 = Debug|Any CPU
		{47DCB47B-9903-4726-AAAE-0A91F61EF3E9}.Release|Any CPU.ActiveCfg = Release|Any CPU
		{47DCB47B-9903-4726-AAAE-0A91F61EF3E9}.Release|Any CPU.Build.0 = Release|Any CPU
		{EDB3BE8A-3A2F-4A28-91AC-CF4CD5CB975E}.Debug|Any CPU.ActiveCfg = Debug|Any CPU
		{EDB3BE8A-3A2F-4A28-91AC-CF4CD5CB975E}.Debug|Any CPU.Build.0 = Debug|Any CPU
		{EDB3BE8A-3A2F-4A28-91AC-CF4CD5CB975E}.Release|Any CPU.ActiveCfg = Release|Any CPU
		{EDB3BE8A-3A2F-4A28-91AC-CF4CD5CB975E}.Release|Any CPU.Build.0 = Release|Any CPU
		{E0CFF24E-C764-4FE6-86F5-951D0D274755}.Debug|Any CPU.ActiveCfg = Debug|Any CPU
		{E0CFF24E-C764-4FE6-86F5-951D0D274755}.Debug|Any CPU.Build.0 = Debug|Any CPU
		{E0CFF24E-C764-4FE6-86F5-951D0D274755}.Release|Any CPU.ActiveCfg = Release|Any CPU
		{E0CFF24E-C764-4FE6-86F5-951D0D274755}.Release|Any CPU.Build.0 = Release|Any CPU
		{964E3049-1F04-46F3-91FA-A7D75E460FB0}.Debug|Any CPU.ActiveCfg = Debug|Any CPU
		{964E3049-1F04-46F3-91FA-A7D75E460FB0}.Debug|Any CPU.Build.0 = Debug|Any CPU
		{964E3049-1F04-46F3-91FA-A7D75E460FB0}.Release|Any CPU.ActiveCfg = Release|Any CPU
		{964E3049-1F04-46F3-91FA-A7D75E460FB0}.Release|Any CPU.Build.0 = Release|Any CPU
		{ED566F03-41CC-442B-90E4-9D188138C754}.Debug|Any CPU.ActiveCfg = Debug|Any CPU
		{ED566F03-41CC-442B-90E4-9D188138C754}.Debug|Any CPU.Build.0 = Debug|Any CPU
		{ED566F03-41CC-442B-90E4-9D188138C754}.Release|Any CPU.ActiveCfg = Release|Any CPU
		{ED566F03-41CC-442B-90E4-9D188138C754}.Release|Any CPU.Build.0 = Release|Any CPU
		{BD51A0DB-CFB7-4839-8694-DEF175AB4FEE}.Debug|Any CPU.ActiveCfg = Debug|Any CPU
		{BD51A0DB-CFB7-4839-8694-DEF175AB4FEE}.Debug|Any CPU.Build.0 = Debug|Any CPU
		{BD51A0DB-CFB7-4839-8694-DEF175AB4FEE}.Release|Any CPU.ActiveCfg = Release|Any CPU
		{BD51A0DB-CFB7-4839-8694-DEF175AB4FEE}.Release|Any CPU.Build.0 = Release|Any CPU
		{37E68374-13FE-4458-B85C-45168182A064}.Debug|Any CPU.ActiveCfg = Debug|Any CPU
		{37E68374-13FE-4458-B85C-45168182A064}.Debug|Any CPU.Build.0 = Debug|Any CPU
		{37E68374-13FE-4458-B85C-45168182A064}.Release|Any CPU.ActiveCfg = Release|Any CPU
		{37E68374-13FE-4458-B85C-45168182A064}.Release|Any CPU.Build.0 = Release|Any CPU
		{190DDF53-F6AF-4561-823C-16370822A36E}.Debug|Any CPU.ActiveCfg = Debug|Any CPU
		{190DDF53-F6AF-4561-823C-16370822A36E}.Debug|Any CPU.Build.0 = Debug|Any CPU
		{190DDF53-F6AF-4561-823C-16370822A36E}.Release|Any CPU.ActiveCfg = Release|Any CPU
		{190DDF53-F6AF-4561-823C-16370822A36E}.Release|Any CPU.Build.0 = Release|Any CPU
		{D69EDA5B-1079-4B22-88C5-0D21CB9B17F0}.Debug|Any CPU.ActiveCfg = Debug|Any CPU
		{D69EDA5B-1079-4B22-88C5-0D21CB9B17F0}.Debug|Any CPU.Build.0 = Debug|Any CPU
		{D69EDA5B-1079-4B22-88C5-0D21CB9B17F0}.Release|Any CPU.ActiveCfg = Release|Any CPU
		{D69EDA5B-1079-4B22-88C5-0D21CB9B17F0}.Release|Any CPU.Build.0 = Release|Any CPU
		{1CD2229D-1DE2-4B3C-94E4-A97CCA90C39F}.Debug|Any CPU.ActiveCfg = Debug|Any CPU
		{1CD2229D-1DE2-4B3C-94E4-A97CCA90C39F}.Debug|Any CPU.Build.0 = Debug|Any CPU
		{1CD2229D-1DE2-4B3C-94E4-A97CCA90C39F}.Release|Any CPU.ActiveCfg = Release|Any CPU
		{1CD2229D-1DE2-4B3C-94E4-A97CCA90C39F}.Release|Any CPU.Build.0 = Release|Any CPU
		{AE21EB9E-E230-4519-B403-46F9A5782160}.Debug|Any CPU.ActiveCfg = Debug|Any CPU
		{AE21EB9E-E230-4519-B403-46F9A5782160}.Debug|Any CPU.Build.0 = Debug|Any CPU
		{AE21EB9E-E230-4519-B403-46F9A5782160}.Release|Any CPU.ActiveCfg = Release|Any CPU
		{AE21EB9E-E230-4519-B403-46F9A5782160}.Release|Any CPU.Build.0 = Release|Any CPU
		{3E43B1A3-1BDD-435A-AE33-A7BB28BD9AC3}.Debug|Any CPU.ActiveCfg = Debug|Any CPU
		{3E43B1A3-1BDD-435A-AE33-A7BB28BD9AC3}.Debug|Any CPU.Build.0 = Debug|Any CPU
		{3E43B1A3-1BDD-435A-AE33-A7BB28BD9AC3}.Release|Any CPU.ActiveCfg = Release|Any CPU
		{3E43B1A3-1BDD-435A-AE33-A7BB28BD9AC3}.Release|Any CPU.Build.0 = Release|Any CPU
		{554FF5FD-3976-4567-A48E-2D93EB7EDF79}.Debug|Any CPU.ActiveCfg = Debug|Any CPU
		{554FF5FD-3976-4567-A48E-2D93EB7EDF79}.Debug|Any CPU.Build.0 = Debug|Any CPU
		{554FF5FD-3976-4567-A48E-2D93EB7EDF79}.Release|Any CPU.ActiveCfg = Release|Any CPU
		{554FF5FD-3976-4567-A48E-2D93EB7EDF79}.Release|Any CPU.Build.0 = Release|Any CPU
		{A75B43D1-0E63-4699-8D3D-EAA49FE6A218}.Debug|Any CPU.ActiveCfg = Debug|Any CPU
		{A75B43D1-0E63-4699-8D3D-EAA49FE6A218}.Debug|Any CPU.Build.0 = Debug|Any CPU
		{A75B43D1-0E63-4699-8D3D-EAA49FE6A218}.Release|Any CPU.ActiveCfg = Release|Any CPU
		{A75B43D1-0E63-4699-8D3D-EAA49FE6A218}.Release|Any CPU.Build.0 = Release|Any CPU
		{9D240DC7-82F0-4E36-B056-3595499FCA69}.Debug|Any CPU.ActiveCfg = Debug|Any CPU
		{9D240DC7-82F0-4E36-B056-3595499FCA69}.Debug|Any CPU.Build.0 = Debug|Any CPU
		{9D240DC7-82F0-4E36-B056-3595499FCA69}.Release|Any CPU.ActiveCfg = Release|Any CPU
		{9D240DC7-82F0-4E36-B056-3595499FCA69}.Release|Any CPU.Build.0 = Release|Any CPU
		{52835289-C7E8-405F-BE31-71111DB5CB4B}.Debug|Any CPU.ActiveCfg = Debug|Any CPU
		{52835289-C7E8-405F-BE31-71111DB5CB4B}.Debug|Any CPU.Build.0 = Debug|Any CPU
		{52835289-C7E8-405F-BE31-71111DB5CB4B}.Release|Any CPU.ActiveCfg = Release|Any CPU
		{52835289-C7E8-405F-BE31-71111DB5CB4B}.Release|Any CPU.Build.0 = Release|Any CPU
		{39C5742F-C978-4122-BA05-622966F439A8}.Debug|Any CPU.ActiveCfg = Debug|Any CPU
		{39C5742F-C978-4122-BA05-622966F439A8}.Debug|Any CPU.Build.0 = Debug|Any CPU
		{39C5742F-C978-4122-BA05-622966F439A8}.Release|Any CPU.ActiveCfg = Release|Any CPU
		{39C5742F-C978-4122-BA05-622966F439A8}.Release|Any CPU.Build.0 = Release|Any CPU
		{01FB614F-5D2C-4B96-A8CD-502B43930EBC}.Debug|Any CPU.ActiveCfg = Debug|Any CPU
		{01FB614F-5D2C-4B96-A8CD-502B43930EBC}.Debug|Any CPU.Build.0 = Debug|Any CPU
		{01FB614F-5D2C-4B96-A8CD-502B43930EBC}.Release|Any CPU.ActiveCfg = Release|Any CPU
		{01FB614F-5D2C-4B96-A8CD-502B43930EBC}.Release|Any CPU.Build.0 = Release|Any CPU
		{5A6FD6BC-FF78-4978-8F8A-25DE3767281C}.Debug|Any CPU.ActiveCfg = Debug|Any CPU
		{5A6FD6BC-FF78-4978-8F8A-25DE3767281C}.Debug|Any CPU.Build.0 = Debug|Any CPU
		{5A6FD6BC-FF78-4978-8F8A-25DE3767281C}.Release|Any CPU.ActiveCfg = Release|Any CPU
		{5A6FD6BC-FF78-4978-8F8A-25DE3767281C}.Release|Any CPU.Build.0 = Release|Any CPU
		{36E304AD-EB47-48A7-9B8D-976CCBEF08DE}.Debug|Any CPU.ActiveCfg = Debug|Any CPU
		{36E304AD-EB47-48A7-9B8D-976CCBEF08DE}.Debug|Any CPU.Build.0 = Debug|Any CPU
		{36E304AD-EB47-48A7-9B8D-976CCBEF08DE}.Release|Any CPU.ActiveCfg = Release|Any CPU
		{36E304AD-EB47-48A7-9B8D-976CCBEF08DE}.Release|Any CPU.Build.0 = Release|Any CPU
		{433A6414-EA04-4D3B-884D-E96CC45E8EE7}.Debug|Any CPU.ActiveCfg = Debug|Any CPU
		{433A6414-EA04-4D3B-884D-E96CC45E8EE7}.Debug|Any CPU.Build.0 = Debug|Any CPU
		{433A6414-EA04-4D3B-884D-E96CC45E8EE7}.Release|Any CPU.ActiveCfg = Release|Any CPU
		{433A6414-EA04-4D3B-884D-E96CC45E8EE7}.Release|Any CPU.Build.0 = Release|Any CPU
		{B1B049CB-ABEA-469D-8E5E-4B49EB0ACB27}.Debug|Any CPU.ActiveCfg = Debug|Any CPU
		{B1B049CB-ABEA-469D-8E5E-4B49EB0ACB27}.Debug|Any CPU.Build.0 = Debug|Any CPU
		{B1B049CB-ABEA-469D-8E5E-4B49EB0ACB27}.Release|Any CPU.ActiveCfg = Release|Any CPU
		{B1B049CB-ABEA-469D-8E5E-4B49EB0ACB27}.Release|Any CPU.Build.0 = Release|Any CPU
		{9F350E30-DE22-4622-A1EF-3D298E6D0392}.Debug|Any CPU.ActiveCfg = Debug|Any CPU
		{9F350E30-DE22-4622-A1EF-3D298E6D0392}.Debug|Any CPU.Build.0 = Debug|Any CPU
		{9F350E30-DE22-4622-A1EF-3D298E6D0392}.Release|Any CPU.ActiveCfg = Release|Any CPU
		{9F350E30-DE22-4622-A1EF-3D298E6D0392}.Release|Any CPU.Build.0 = Release|Any CPU
		{472FCBA6-3753-4F5A-BDB6-0A1485A1436B}.Debug|Any CPU.ActiveCfg = Debug|Any CPU
		{472FCBA6-3753-4F5A-BDB6-0A1485A1436B}.Debug|Any CPU.Build.0 = Debug|Any CPU
		{472FCBA6-3753-4F5A-BDB6-0A1485A1436B}.Release|Any CPU.ActiveCfg = Release|Any CPU
		{472FCBA6-3753-4F5A-BDB6-0A1485A1436B}.Release|Any CPU.Build.0 = Release|Any CPU
		{887B49A7-5D16-4A25-9325-547544F122DA}.Debug|Any CPU.ActiveCfg = Debug|Any CPU
		{887B49A7-5D16-4A25-9325-547544F122DA}.Debug|Any CPU.Build.0 = Debug|Any CPU
		{887B49A7-5D16-4A25-9325-547544F122DA}.Release|Any CPU.ActiveCfg = Release|Any CPU
		{887B49A7-5D16-4A25-9325-547544F122DA}.Release|Any CPU.Build.0 = Release|Any CPU
		{1833046B-428B-4AE0-80AA-7C423AF7F628}.Debug|Any CPU.ActiveCfg = Debug|Any CPU
		{1833046B-428B-4AE0-80AA-7C423AF7F628}.Debug|Any CPU.Build.0 = Debug|Any CPU
		{1833046B-428B-4AE0-80AA-7C423AF7F628}.Release|Any CPU.ActiveCfg = Release|Any CPU
		{1833046B-428B-4AE0-80AA-7C423AF7F628}.Release|Any CPU.Build.0 = Release|Any CPU
		{7AD47A4D-0BAE-4607-AF27-5E265883C89D}.Debug|Any CPU.ActiveCfg = Debug|Any CPU
		{7AD47A4D-0BAE-4607-AF27-5E265883C89D}.Debug|Any CPU.Build.0 = Debug|Any CPU
		{7AD47A4D-0BAE-4607-AF27-5E265883C89D}.Release|Any CPU.ActiveCfg = Release|Any CPU
		{7AD47A4D-0BAE-4607-AF27-5E265883C89D}.Release|Any CPU.Build.0 = Release|Any CPU
		{67281F29-7B08-4502-B0BD-45DA3B8401B1}.Debug|Any CPU.ActiveCfg = Debug|Any CPU
		{67281F29-7B08-4502-B0BD-45DA3B8401B1}.Debug|Any CPU.Build.0 = Debug|Any CPU
		{67281F29-7B08-4502-B0BD-45DA3B8401B1}.Release|Any CPU.ActiveCfg = Release|Any CPU
		{67281F29-7B08-4502-B0BD-45DA3B8401B1}.Release|Any CPU.Build.0 = Release|Any CPU
		{0925053A-6526-4E68-BB82-F630ACDA9B3A}.Debug|Any CPU.ActiveCfg = Debug|Any CPU
		{0925053A-6526-4E68-BB82-F630ACDA9B3A}.Debug|Any CPU.Build.0 = Debug|Any CPU
		{0925053A-6526-4E68-BB82-F630ACDA9B3A}.Release|Any CPU.ActiveCfg = Release|Any CPU
		{0925053A-6526-4E68-BB82-F630ACDA9B3A}.Release|Any CPU.Build.0 = Release|Any CPU
		{B78722FE-95D1-41DA-AF5E-B6F9AA3D1117}.Debug|Any CPU.ActiveCfg = Debug|Any CPU
		{B78722FE-95D1-41DA-AF5E-B6F9AA3D1117}.Debug|Any CPU.Build.0 = Debug|Any CPU
		{B78722FE-95D1-41DA-AF5E-B6F9AA3D1117}.Release|Any CPU.ActiveCfg = Release|Any CPU
		{B78722FE-95D1-41DA-AF5E-B6F9AA3D1117}.Release|Any CPU.Build.0 = Release|Any CPU
		{BA45AFD3-7870-4F6E-940C-58D3FCA79A36}.Debug|Any CPU.ActiveCfg = Debug|Any CPU
		{BA45AFD3-7870-4F6E-940C-58D3FCA79A36}.Debug|Any CPU.Build.0 = Debug|Any CPU
		{BA45AFD3-7870-4F6E-940C-58D3FCA79A36}.Release|Any CPU.ActiveCfg = Release|Any CPU
		{BA45AFD3-7870-4F6E-940C-58D3FCA79A36}.Release|Any CPU.Build.0 = Release|Any CPU
		{4AF0BEFF-12CF-4BC9-8E2A-79E01FC53612}.Debug|Any CPU.ActiveCfg = Debug|Any CPU
		{4AF0BEFF-12CF-4BC9-8E2A-79E01FC53612}.Debug|Any CPU.Build.0 = Debug|Any CPU
		{4AF0BEFF-12CF-4BC9-8E2A-79E01FC53612}.Release|Any CPU.ActiveCfg = Release|Any CPU
		{4AF0BEFF-12CF-4BC9-8E2A-79E01FC53612}.Release|Any CPU.Build.0 = Release|Any CPU
		{BB691AF0-2F70-459C-9357-D177E73A1DC6}.Debug|Any CPU.ActiveCfg = Debug|Any CPU
		{BB691AF0-2F70-459C-9357-D177E73A1DC6}.Debug|Any CPU.Build.0 = Debug|Any CPU
		{BB691AF0-2F70-459C-9357-D177E73A1DC6}.Release|Any CPU.ActiveCfg = Release|Any CPU
		{BB691AF0-2F70-459C-9357-D177E73A1DC6}.Release|Any CPU.Build.0 = Release|Any CPU
		{767200EC-DF5C-4FC5-8C9B-C16AEBA05E13}.Debug|Any CPU.ActiveCfg = Debug|Any CPU
		{767200EC-DF5C-4FC5-8C9B-C16AEBA05E13}.Debug|Any CPU.Build.0 = Debug|Any CPU
		{767200EC-DF5C-4FC5-8C9B-C16AEBA05E13}.Release|Any CPU.ActiveCfg = Release|Any CPU
		{767200EC-DF5C-4FC5-8C9B-C16AEBA05E13}.Release|Any CPU.Build.0 = Release|Any CPU
		{564D467F-6559-4B95-B158-24E9AC699E7C}.Debug|Any CPU.ActiveCfg = Debug|Any CPU
		{564D467F-6559-4B95-B158-24E9AC699E7C}.Debug|Any CPU.Build.0 = Debug|Any CPU
		{564D467F-6559-4B95-B158-24E9AC699E7C}.Release|Any CPU.ActiveCfg = Release|Any CPU
		{564D467F-6559-4B95-B158-24E9AC699E7C}.Release|Any CPU.Build.0 = Release|Any CPU
		{33847BE4-2DEE-4A92-94A6-5803C7A47A0E}.Debug|Any CPU.ActiveCfg = Debug|Any CPU
		{33847BE4-2DEE-4A92-94A6-5803C7A47A0E}.Debug|Any CPU.Build.0 = Debug|Any CPU
		{33847BE4-2DEE-4A92-94A6-5803C7A47A0E}.Release|Any CPU.ActiveCfg = Release|Any CPU
		{33847BE4-2DEE-4A92-94A6-5803C7A47A0E}.Release|Any CPU.Build.0 = Release|Any CPU
	EndGlobalSection
	GlobalSection(SolutionProperties) = preSolution
		HideSolutionNode = FALSE
	EndGlobalSection
	GlobalSection(ExtensibilityGlobals) = postSolution
		SolutionGuid = {9F6D6346-41D8-4933-A6A4-B843E94D7B06}
	EndGlobalSection
EndGlobal
